
Microsoft Visual Studio Solution File, Format Version 12.00
# Visual Studio Version 17
VisualStudioVersion = 17.6.33801.468
MinimumVisualStudioVersion = 10.0.40219.1
Project("{9A19103F-16F7-4668-BE54-9A1E7A4F7556}") = "mf.domain", "mf.domain\mf.domain.csproj", "{BAC1D319-0FA4-4B58-BB97-0A2DE4DC4B05}"
EndProject
Project("{FAE04EC0-301F-11D3-BF4B-00C04F79EFBC}") = "mf.API", "mf.API\mf.API.csproj", "{0E3E91A1-264D-4E18-96F5-8F90FC38D13B}"
EndProject
Global
	GlobalSection(SolutionConfigurationPlatforms) = preSolution
		Debug|Any CPU = Debug|Any CPU
		Release|Any CPU = Release|Any CPU
	EndGlobalSection
	GlobalSection(ProjectConfigurationPlatforms) = postSolution
		{BAC1D319-0FA4-4B58-BB97-0A2DE4DC4B05}.Debug|Any CPU.ActiveCfg = Debug|Any CPU
		{BAC1D319-0FA4-4B58-BB97-0A2DE4DC4B05}.Debug|Any CPU.Build.0 = Debug|Any CPU
		{BAC1D319-0FA4-4B58-BB97-0A2DE4DC4B05}.Release|Any CPU.ActiveCfg = Release|Any CPU
		{BAC1D319-0FA4-4B58-BB97-0A2DE4DC4B05}.Release|Any CPU.Build.0 = Release|Any CPU
		{0E3E91A1-264D-4E18-96F5-8F90FC38D13B}.Debug|Any CPU.ActiveCfg = Debug|Any CPU
		{0E3E91A1-264D-4E18-96F5-8F90FC38D13B}.Debug|Any CPU.Build.0 = Debug|Any CPU
		{0E3E91A1-264D-4E18-96F5-8F90FC38D13B}.Release|Any CPU.ActiveCfg = Release|Any CPU
		{0E3E91A1-264D-4E18-96F5-8F90FC38D13B}.Release|Any CPU.Build.0 = Release|Any CPU
	EndGlobalSection
	GlobalSection(SolutionProperties) = preSolution
		HideSolutionNode = FALSE
	EndGlobalSection
	GlobalSection(ExtensibilityGlobals) = postSolution
		SolutionGuid = {C5FC4A92-136C-42BA-9AE0-88D6A1223F8A}
	EndGlobalSection
EndGlobal
